
Microsoft Visual Studio Solution File, Format Version 12.00
# Visual Studio Version 16
VisualStudioVersion = 16.0.30413.136
MinimumVisualStudioVersion = 10.0.40219.1
Project("{FAE04EC0-301F-11D3-BF4B-00C04F79EFBC}") = "Base de Datos", "Base de Datos.csproj", "{1F35301E-3578-45D0-ADF8-F030B87B80AE}"
EndProject
Global
	GlobalSection(SolutionConfigurationPlatforms) = preSolution
		Debug|Any CPU = Debug|Any CPU
		Release|Any CPU = Release|Any CPU
	EndGlobalSection
	GlobalSection(ProjectConfigurationPlatforms) = postSolution
		{1F35301E-3578-45D0-ADF8-F030B87B80AE}.Debug|Any CPU.ActiveCfg = Debug|Any CPU
		{1F35301E-3578-45D0-ADF8-F030B87B80AE}.Debug|Any CPU.Build.0 = Debug|Any CPU
		{1F35301E-3578-45D0-ADF8-F030B87B80AE}.Release|Any CPU.ActiveCfg = Release|Any CPU
		{1F35301E-3578-45D0-ADF8-F030B87B80AE}.Release|Any CPU.Build.0 = Release|Any CPU
	EndGlobalSection
	GlobalSection(SolutionProperties) = preSolution
		HideSolutionNode = FALSE
	EndGlobalSection
	GlobalSection(ExtensibilityGlobals) = postSolution
		SolutionGuid = {C073708F-88D9-4972-A614-7BFEE2F4B484}
	EndGlobalSection
EndGlobal
